
Microsoft Visual Studio Solution File, Format Version 12.00
# Visual Studio Version 16
VisualStudioVersion = 16.0.30002.166
MinimumVisualStudioVersion = 10.0.40219.1
Project("{FAE04EC0-301F-11D3-BF4B-00C04F79EFBC}") = "Entidades", "Entidades\Entidades.csproj", "{C9D2889D-BFB8-42A8-AE45-3D488B371CFA}"
EndProject
Global
	GlobalSection(SolutionConfigurationPlatforms) = preSolution
		Debug|Any CPU = Debug|Any CPU
		Release|Any CPU = Release|Any CPU
	EndGlobalSection
	GlobalSection(ProjectConfigurationPlatforms) = postSolution
		{C9D2889D-BFB8-42A8-AE45-3D488B371CFA}.Debug|Any CPU.ActiveCfg = Debug|Any CPU
		{C9D2889D-BFB8-42A8-AE45-3D488B371CFA}.Debug|Any CPU.Build.0 = Debug|Any CPU
		{C9D2889D-BFB8-42A8-AE45-3D488B371CFA}.Release|Any CPU.ActiveCfg = Release|Any CPU
		{C9D2889D-BFB8-42A8-AE45-3D488B371CFA}.Release|Any CPU.Build.0 = Release|Any CPU
	EndGlobalSection
	GlobalSection(SolutionProperties) = preSolution
		HideSolutionNode = FALSE
	EndGlobalSection
	GlobalSection(ExtensibilityGlobals) = postSolution
		SolutionGuid = {28BC6906-86F9-425D-910D-691688795E9D}
	EndGlobalSection
EndGlobal
