
Microsoft Visual Studio Solution File, Format Version 12.00
# Visual Studio Version 16
VisualStudioVersion = 16.0.30002.166
MinimumVisualStudioVersion = 10.0.40219.1
Project("{FAE04EC0-301F-11D3-BF4B-00C04F79EFBC}") = "Ferreteria_Biblioteca", "Ferreteria_Biblioteca\Ferreteria_Biblioteca.csproj", "{1CF0BE1B-7EAF-4E57-B434-D145D6743C0A}"
EndProject
Project("{FAE04EC0-301F-11D3-BF4B-00C04F79EFBC}") = "Ferreteria_Form", "Ferreteria_Form\Ferreteria_Form.csproj", "{ECFA4EF1-5B79-4747-B6A5-5314127D0A4E}"
EndProject
Global
	GlobalSection(SolutionConfigurationPlatforms) = preSolution
		Debug|Any CPU = Debug|Any CPU
		Release|Any CPU = Release|Any CPU
	EndGlobalSection
	GlobalSection(ProjectConfigurationPlatforms) = postSolution
		{1CF0BE1B-7EAF-4E57-B434-D145D6743C0A}.Debug|Any CPU.ActiveCfg = Debug|Any CPU
		{1CF0BE1B-7EAF-4E57-B434-D145D6743C0A}.Debug|Any CPU.Build.0 = Debug|Any CPU
		{1CF0BE1B-7EAF-4E57-B434-D145D6743C0A}.Release|Any CPU.ActiveCfg = Release|Any CPU
		{1CF0BE1B-7EAF-4E57-B434-D145D6743C0A}.Release|Any CPU.Build.0 = Release|Any CPU
		{ECFA4EF1-5B79-4747-B6A5-5314127D0A4E}.Debug|Any CPU.ActiveCfg = Debug|Any CPU
		{ECFA4EF1-5B79-4747-B6A5-5314127D0A4E}.Debug|Any CPU.Build.0 = Debug|Any CPU
		{ECFA4EF1-5B79-4747-B6A5-5314127D0A4E}.Release|Any CPU.ActiveCfg = Release|Any CPU
		{ECFA4EF1-5B79-4747-B6A5-5314127D0A4E}.Release|Any CPU.Build.0 = Release|Any CPU
	EndGlobalSection
	GlobalSection(SolutionProperties) = preSolution
		HideSolutionNode = FALSE
	EndGlobalSection
	GlobalSection(ExtensibilityGlobals) = postSolution
		SolutionGuid = {51973739-8DFB-4EC1-A0E7-683AD4ABD6AA}
	EndGlobalSection
EndGlobal
