
Microsoft Visual Studio Solution File, Format Version 12.00
# Visual Studio Version 16
VisualStudioVersion = 16.0.30002.166
MinimumVisualStudioVersion = 10.0.40219.1
Project("{FAE04EC0-301F-11D3-BF4B-00C04F79EFBC}") = "Ejemplo_LucasRodriguez", "Ejemplo_LucasRodriguez\Ejemplo_LucasRodriguez.csproj", "{9FA24DA8-099F-4699-8CDF-FFB00A506AF3}"
EndProject
Project("{FAE04EC0-301F-11D3-BF4B-00C04F79EFBC}") = "Estacionamiento", "Estacionamiento\Estacionamiento.csproj", "{665B9D27-03F3-4F17-A3F2-4DB26B59EBCA}"
EndProject
Global
	GlobalSection(SolutionConfigurationPlatforms) = preSolution
		Debug|Any CPU = Debug|Any CPU
		Release|Any CPU = Release|Any CPU
	EndGlobalSection
	GlobalSection(ProjectConfigurationPlatforms) = postSolution
		{9FA24DA8-099F-4699-8CDF-FFB00A506AF3}.Debug|Any CPU.ActiveCfg = Debug|Any CPU
		{9FA24DA8-099F-4699-8CDF-FFB00A506AF3}.Debug|Any CPU.Build.0 = Debug|Any CPU
		{9FA24DA8-099F-4699-8CDF-FFB00A506AF3}.Release|Any CPU.ActiveCfg = Release|Any CPU
		{9FA24DA8-099F-4699-8CDF-FFB00A506AF3}.Release|Any CPU.Build.0 = Release|Any CPU
		{665B9D27-03F3-4F17-A3F2-4DB26B59EBCA}.Debug|Any CPU.ActiveCfg = Debug|Any CPU
		{665B9D27-03F3-4F17-A3F2-4DB26B59EBCA}.Debug|Any CPU.Build.0 = Debug|Any CPU
		{665B9D27-03F3-4F17-A3F2-4DB26B59EBCA}.Release|Any CPU.ActiveCfg = Release|Any CPU
		{665B9D27-03F3-4F17-A3F2-4DB26B59EBCA}.Release|Any CPU.Build.0 = Release|Any CPU
	EndGlobalSection
	GlobalSection(SolutionProperties) = preSolution
		HideSolutionNode = FALSE
	EndGlobalSection
	GlobalSection(ExtensibilityGlobals) = postSolution
		SolutionGuid = {881453DC-9B1A-4B8D-9C6C-CC3FBA79D88D}
	EndGlobalSection
EndGlobal
